
Microsoft Visual Studio Solution File, Format Version 12.00
# Visual Studio 15
VisualStudioVersion = 15.0.28307.136
MinimumVisualStudioVersion = 10.0.40219.1
Project("{FAE04EC0-301F-11D3-BF4B-00C04F79EFBC}") = "eShop.Domain", "eShop.Domain\eShop.Domain.csproj", "{217E4259-99BD-47B0-82A1-A092C31CF47D}"
EndProject
Project("{FAE04EC0-301F-11D3-BF4B-00C04F79EFBC}") = "eShop.Services", "eShop.Services\eShop.Services.csproj", "{89124C4D-D5D1-4BE6-B763-C9A1A3E0CE8F}"
EndProject
Project("{FAE04EC0-301F-11D3-BF4B-00C04F79EFBC}") = "eShop.UI", "eShop.UI\eShop.UI.csproj", "{97999AAB-B42F-4477-88BE-655D34FE4BA3}"
EndProject
Global
	GlobalSection(SolutionConfigurationPlatforms) = preSolution
		Debug|Any CPU = Debug|Any CPU
		Release|Any CPU = Release|Any CPU
	EndGlobalSection
	GlobalSection(ProjectConfigurationPlatforms) = postSolution
		{217E4259-99BD-47B0-82A1-A092C31CF47D}.Debug|Any CPU.ActiveCfg = Debug|Any CPU
		{217E4259-99BD-47B0-82A1-A092C31CF47D}.Debug|Any CPU.Build.0 = Debug|Any CPU
		{217E4259-99BD-47B0-82A1-A092C31CF47D}.Release|Any CPU.ActiveCfg = Release|Any CPU
		{217E4259-99BD-47B0-82A1-A092C31CF47D}.Release|Any CPU.Build.0 = Release|Any CPU
		{89124C4D-D5D1-4BE6-B763-C9A1A3E0CE8F}.Debug|Any CPU.ActiveCfg = Debug|Any CPU
		{89124C4D-D5D1-4BE6-B763-C9A1A3E0CE8F}.Debug|Any CPU.Build.0 = Debug|Any CPU
		{89124C4D-D5D1-4BE6-B763-C9A1A3E0CE8F}.Release|Any CPU.ActiveCfg = Release|Any CPU
		{89124C4D-D5D1-4BE6-B763-C9A1A3E0CE8F}.Release|Any CPU.Build.0 = Release|Any CPU
		{97999AAB-B42F-4477-88BE-655D34FE4BA3}.Debug|Any CPU.ActiveCfg = Debug|Any CPU
		{97999AAB-B42F-4477-88BE-655D34FE4BA3}.Debug|Any CPU.Build.0 = Debug|Any CPU
		{97999AAB-B42F-4477-88BE-655D34FE4BA3}.Release|Any CPU.ActiveCfg = Release|Any CPU
		{97999AAB-B42F-4477-88BE-655D34FE4BA3}.Release|Any CPU.Build.0 = Release|Any CPU
	EndGlobalSection
	GlobalSection(SolutionProperties) = preSolution
		HideSolutionNode = FALSE
	EndGlobalSection
	GlobalSection(ExtensibilityGlobals) = postSolution
		SolutionGuid = {97122556-A08C-4A88-A1A0-FE9A7B5BEEA9}
	EndGlobalSection
EndGlobal
