
Microsoft Visual Studio Solution File, Format Version 12.00
# Visual Studio 15
VisualStudioVersion = 15.0.28307.136
MinimumVisualStudioVersion = 10.0.40219.1
Project("{FAE04EC0-301F-11D3-BF4B-00C04F79EFBC}") = "eShop.UI", "eShop.UI\eShop.UI.csproj", "{97999AAB-B42F-4477-88BE-655D34FE4BA3}"
EndProject
Project("{FAE04EC0-301F-11D3-BF4B-00C04F79EFBC}") = "eShop.Model", "eShop.Model\eShop.Model.csproj", "{7DED23CA-C57B-43DD-BB5B-0AC9F9484295}"
EndProject
Project("{FAE04EC0-301F-11D3-BF4B-00C04F79EFBC}") = "eShop.Service", "eShop.Service\eShop.Service.csproj", "{8223F6F2-BA3F-4BBF-922A-C110ADC73B09}"
EndProject
Global
	GlobalSection(SolutionConfigurationPlatforms) = preSolution
		Debug|Any CPU = Debug|Any CPU
		Release|Any CPU = Release|Any CPU
	EndGlobalSection
	GlobalSection(ProjectConfigurationPlatforms) = postSolution
		{97999AAB-B42F-4477-88BE-655D34FE4BA3}.Debug|Any CPU.ActiveCfg = Debug|Any CPU
		{97999AAB-B42F-4477-88BE-655D34FE4BA3}.Debug|Any CPU.Build.0 = Debug|Any CPU
		{97999AAB-B42F-4477-88BE-655D34FE4BA3}.Release|Any CPU.ActiveCfg = Release|Any CPU
		{97999AAB-B42F-4477-88BE-655D34FE4BA3}.Release|Any CPU.Build.0 = Release|Any CPU
		{7DED23CA-C57B-43DD-BB5B-0AC9F9484295}.Debug|Any CPU.ActiveCfg = Debug|Any CPU
		{7DED23CA-C57B-43DD-BB5B-0AC9F9484295}.Debug|Any CPU.Build.0 = Debug|Any CPU
		{7DED23CA-C57B-43DD-BB5B-0AC9F9484295}.Release|Any CPU.ActiveCfg = Release|Any CPU
		{7DED23CA-C57B-43DD-BB5B-0AC9F9484295}.Release|Any CPU.Build.0 = Release|Any CPU
		{8223F6F2-BA3F-4BBF-922A-C110ADC73B09}.Debug|Any CPU.ActiveCfg = Debug|Any CPU
		{8223F6F2-BA3F-4BBF-922A-C110ADC73B09}.Debug|Any CPU.Build.0 = Debug|Any CPU
		{8223F6F2-BA3F-4BBF-922A-C110ADC73B09}.Release|Any CPU.ActiveCfg = Release|Any CPU
		{8223F6F2-BA3F-4BBF-922A-C110ADC73B09}.Release|Any CPU.Build.0 = Release|Any CPU
	EndGlobalSection
	GlobalSection(SolutionProperties) = preSolution
		HideSolutionNode = FALSE
	EndGlobalSection
	GlobalSection(ExtensibilityGlobals) = postSolution
		SolutionGuid = {97122556-A08C-4A88-A1A0-FE9A7B5BEEA9}
	EndGlobalSection
EndGlobal
